
Microsoft Visual Studio Solution File, Format Version 12.00
Project("{F2A71F9B-5D33-465A-A702-920D77279786}") = "MikeOxlong-programmer-som-data", "MikeOxlong-programmer-som-data\MikeOxlong-programmer-som-data.fsproj", "{2F36D70F-C09A-4BD2-8A70-4CE68B81B6EA}"
EndProject
Project("{F2A71F9B-5D33-465A-A702-920D77279786}") = "Assignment4", "Assignment4\Assignment4.fsproj", "{08B5D7FA-F570-455A-BE40-BE180ED5AB60}"
EndProject
Project("{F2A71F9B-5D33-465A-A702-920D77279786}") = "Assignment3", "Assignment3\Assignment3.fsproj", "{BE19AEB8-8AC5-4E5E-A623-F65B8D54395A}"
EndProject
Project("{F2A71F9B-5D33-465A-A702-920D77279786}") = "Assignment5", "Assignment5\Assignment5.fsproj", "{7BA3B64B-4E34-40EB-AF1E-46A95B4AC3A7}"
EndProject
Project("{F2A71F9B-5D33-465A-A702-920D77279786}") = "Assignment6", "Assignment6\Assignment6.fsproj", "{3E9E22B9-652D-42FE-A820-84E6C020A78E}"
EndProject
Project("{F2A71F9B-5D33-465A-A702-920D77279786}") = "Assignment7", "Assignment7\Assignment7.fsproj", "{3C4886B3-2D7B-4F53-8D18-468AF94D1099}"
EndProject
Project("{FAE04EC0-301F-11D3-BF4B-00C04F79EFBC}") = "Assignment8", "Assignment8\Assignment8.csproj", "{FE90D62A-07F1-4277-829B-D25DF0CC3812}"
EndProject
Project("{F2A71F9B-5D33-465A-A702-920D77279786}") = "Assignment9", "Assignment9\Assignment9.fsproj", "{58A2245C-FA16-4D21-8F8F-E6CF40689EB6}"
EndProject
Global
	GlobalSection(SolutionConfigurationPlatforms) = preSolution
		Debug|Any CPU = Debug|Any CPU
		Release|Any CPU = Release|Any CPU
	EndGlobalSection
	GlobalSection(ProjectConfigurationPlatforms) = postSolution
		{2F36D70F-C09A-4BD2-8A70-4CE68B81B6EA}.Debug|Any CPU.ActiveCfg = Debug|Any CPU
		{2F36D70F-C09A-4BD2-8A70-4CE68B81B6EA}.Debug|Any CPU.Build.0 = Debug|Any CPU
		{2F36D70F-C09A-4BD2-8A70-4CE68B81B6EA}.Release|Any CPU.ActiveCfg = Release|Any CPU
		{2F36D70F-C09A-4BD2-8A70-4CE68B81B6EA}.Release|Any CPU.Build.0 = Release|Any CPU
		{08B5D7FA-F570-455A-BE40-BE180ED5AB60}.Debug|Any CPU.ActiveCfg = Debug|Any CPU
		{08B5D7FA-F570-455A-BE40-BE180ED5AB60}.Debug|Any CPU.Build.0 = Debug|Any CPU
		{08B5D7FA-F570-455A-BE40-BE180ED5AB60}.Release|Any CPU.ActiveCfg = Release|Any CPU
		{08B5D7FA-F570-455A-BE40-BE180ED5AB60}.Release|Any CPU.Build.0 = Release|Any CPU
		{BE19AEB8-8AC5-4E5E-A623-F65B8D54395A}.Debug|Any CPU.ActiveCfg = Debug|Any CPU
		{BE19AEB8-8AC5-4E5E-A623-F65B8D54395A}.Debug|Any CPU.Build.0 = Debug|Any CPU
		{BE19AEB8-8AC5-4E5E-A623-F65B8D54395A}.Release|Any CPU.ActiveCfg = Release|Any CPU
		{BE19AEB8-8AC5-4E5E-A623-F65B8D54395A}.Release|Any CPU.Build.0 = Release|Any CPU
		{7BA3B64B-4E34-40EB-AF1E-46A95B4AC3A7}.Debug|Any CPU.ActiveCfg = Debug|Any CPU
		{7BA3B64B-4E34-40EB-AF1E-46A95B4AC3A7}.Debug|Any CPU.Build.0 = Debug|Any CPU
		{7BA3B64B-4E34-40EB-AF1E-46A95B4AC3A7}.Release|Any CPU.ActiveCfg = Release|Any CPU
		{7BA3B64B-4E34-40EB-AF1E-46A95B4AC3A7}.Release|Any CPU.Build.0 = Release|Any CPU
		{3E9E22B9-652D-42FE-A820-84E6C020A78E}.Debug|Any CPU.ActiveCfg = Debug|Any CPU
		{3E9E22B9-652D-42FE-A820-84E6C020A78E}.Debug|Any CPU.Build.0 = Debug|Any CPU
		{3E9E22B9-652D-42FE-A820-84E6C020A78E}.Release|Any CPU.ActiveCfg = Release|Any CPU
		{3E9E22B9-652D-42FE-A820-84E6C020A78E}.Release|Any CPU.Build.0 = Release|Any CPU
		{3C4886B3-2D7B-4F53-8D18-468AF94D1099}.Debug|Any CPU.ActiveCfg = Debug|Any CPU
		{3C4886B3-2D7B-4F53-8D18-468AF94D1099}.Debug|Any CPU.Build.0 = Debug|Any CPU
		{3C4886B3-2D7B-4F53-8D18-468AF94D1099}.Release|Any CPU.ActiveCfg = Release|Any CPU
		{3C4886B3-2D7B-4F53-8D18-468AF94D1099}.Release|Any CPU.Build.0 = Release|Any CPU
		{FE90D62A-07F1-4277-829B-D25DF0CC3812}.Debug|Any CPU.ActiveCfg = Debug|Any CPU
		{FE90D62A-07F1-4277-829B-D25DF0CC3812}.Debug|Any CPU.Build.0 = Debug|Any CPU
		{FE90D62A-07F1-4277-829B-D25DF0CC3812}.Release|Any CPU.ActiveCfg = Release|Any CPU
		{FE90D62A-07F1-4277-829B-D25DF0CC3812}.Release|Any CPU.Build.0 = Release|Any CPU
		{58A2245C-FA16-4D21-8F8F-E6CF40689EB6}.Debug|Any CPU.ActiveCfg = Debug|Any CPU
		{58A2245C-FA16-4D21-8F8F-E6CF40689EB6}.Debug|Any CPU.Build.0 = Debug|Any CPU
		{58A2245C-FA16-4D21-8F8F-E6CF40689EB6}.Release|Any CPU.ActiveCfg = Release|Any CPU
		{58A2245C-FA16-4D21-8F8F-E6CF40689EB6}.Release|Any CPU.Build.0 = Release|Any CPU
	EndGlobalSection
EndGlobal
