
Microsoft Visual Studio Solution File, Format Version 12.00
Project("{F2A71F9B-5D33-465A-A702-920D77279786}") = "MikeOxlong-programmer-som-data", "MikeOxlong-programmer-som-data\MikeOxlong-programmer-som-data.fsproj", "{2F36D70F-C09A-4BD2-8A70-4CE68B81B6EA}"
EndProject
Global
	GlobalSection(SolutionConfigurationPlatforms) = preSolution
		Debug|Any CPU = Debug|Any CPU
		Release|Any CPU = Release|Any CPU
	EndGlobalSection
	GlobalSection(ProjectConfigurationPlatforms) = postSolution
		{2F36D70F-C09A-4BD2-8A70-4CE68B81B6EA}.Debug|Any CPU.ActiveCfg = Debug|Any CPU
		{2F36D70F-C09A-4BD2-8A70-4CE68B81B6EA}.Debug|Any CPU.Build.0 = Debug|Any CPU
		{2F36D70F-C09A-4BD2-8A70-4CE68B81B6EA}.Release|Any CPU.ActiveCfg = Release|Any CPU
		{2F36D70F-C09A-4BD2-8A70-4CE68B81B6EA}.Release|Any CPU.Build.0 = Release|Any CPU
	EndGlobalSection
EndGlobal
